
Microsoft Visual Studio Solution File, Format Version 12.00
# Visual Studio 2013
VisualStudioVersion = 12.0.31101.0
MinimumVisualStudioVersion = 10.0.40219.1
Project("{FAE04EC0-301F-11D3-BF4B-00C04F79EFBC}") = "TaskManager.Web", "TaskManager.Web\TaskManager.Web.csproj", "{D508ACE9-C9C7-49E2-91DC-48B2BEAE46E2}"
EndProject
Project("{FAE04EC0-301F-11D3-BF4B-00C04F79EFBC}") = "TaskManager.DAL", "TaskManager.DAL\TaskManager.DAL.csproj", "{A3F4FC32-D960-4B7C-B526-068AB1B31D74}"
EndProject
Project("{FAE04EC0-301F-11D3-BF4B-00C04F79EFBC}") = "TaskManager.Core", "TaskManager.Core\TaskManager.Core.csproj", "{1B075DC3-AAA9-4352-B8FB-1472CD90CE68}"
EndProject
Project("{FAE04EC0-301F-11D3-BF4B-00C04F79EFBC}") = "TaskManager.Logic", "TaskManager.Logic\TaskManager.Logic.csproj", "{E9223AE9-2A90-41D1-9354-0F97F295C838}"
EndProject
Project("{FAE04EC0-301F-11D3-BF4B-00C04F79EFBC}") = "TaskManager.Entities", "TaskManager.Entities\TaskManager.Entities.csproj", "{993793BD-0507-49BA-9DD9-5B6F29053EB3}"
EndProject
Project("{2150E333-8FDC-42A3-9474-1A3956D46DE8}") = "Solution Items", "Solution Items", "{27B13DA8-931A-4714-9AD0-952327D6F708}"
	ProjectSection(SolutionItems) = preProject
		Backup.txt = Backup.txt
	EndProjectSection
EndProject
Global
	GlobalSection(SolutionConfigurationPlatforms) = preSolution
		Debug|Any CPU = Debug|Any CPU
		Release|Any CPU = Release|Any CPU
	EndGlobalSection
	GlobalSection(ProjectConfigurationPlatforms) = postSolution
		{D508ACE9-C9C7-49E2-91DC-48B2BEAE46E2}.Debug|Any CPU.ActiveCfg = Debug|Any CPU
		{D508ACE9-C9C7-49E2-91DC-48B2BEAE46E2}.Debug|Any CPU.Build.0 = Debug|Any CPU
		{D508ACE9-C9C7-49E2-91DC-48B2BEAE46E2}.Release|Any CPU.ActiveCfg = Release|Any CPU
		{D508ACE9-C9C7-49E2-91DC-48B2BEAE46E2}.Release|Any CPU.Build.0 = Release|Any CPU
		{A3F4FC32-D960-4B7C-B526-068AB1B31D74}.Debug|Any CPU.ActiveCfg = Debug|Any CPU
		{A3F4FC32-D960-4B7C-B526-068AB1B31D74}.Debug|Any CPU.Build.0 = Debug|Any CPU
		{A3F4FC32-D960-4B7C-B526-068AB1B31D74}.Release|Any CPU.ActiveCfg = Release|Any CPU
		{A3F4FC32-D960-4B7C-B526-068AB1B31D74}.Release|Any CPU.Build.0 = Release|Any CPU
		{1B075DC3-AAA9-4352-B8FB-1472CD90CE68}.Debug|Any CPU.ActiveCfg = Debug|Any CPU
		{1B075DC3-AAA9-4352-B8FB-1472CD90CE68}.Debug|Any CPU.Build.0 = Debug|Any CPU
		{1B075DC3-AAA9-4352-B8FB-1472CD90CE68}.Release|Any CPU.ActiveCfg = Release|Any CPU
		{1B075DC3-AAA9-4352-B8FB-1472CD90CE68}.Release|Any CPU.Build.0 = Release|Any CPU
		{E9223AE9-2A90-41D1-9354-0F97F295C838}.Debug|Any CPU.ActiveCfg = Debug|Any CPU
		{E9223AE9-2A90-41D1-9354-0F97F295C838}.Debug|Any CPU.Build.0 = Debug|Any CPU
		{E9223AE9-2A90-41D1-9354-0F97F295C838}.Release|Any CPU.ActiveCfg = Release|Any CPU
		{E9223AE9-2A90-41D1-9354-0F97F295C838}.Release|Any CPU.Build.0 = Release|Any CPU
		{993793BD-0507-49BA-9DD9-5B6F29053EB3}.Debug|Any CPU.ActiveCfg = Debug|Any CPU
		{993793BD-0507-49BA-9DD9-5B6F29053EB3}.Debug|Any CPU.Build.0 = Debug|Any CPU
		{993793BD-0507-49BA-9DD9-5B6F29053EB3}.Release|Any CPU.ActiveCfg = Release|Any CPU
		{993793BD-0507-49BA-9DD9-5B6F29053EB3}.Release|Any CPU.Build.0 = Release|Any CPU
	EndGlobalSection
	GlobalSection(SolutionProperties) = preSolution
		HideSolutionNode = FALSE
	EndGlobalSection
EndGlobal
